{
  "name": "URA-Chatbot",
  "lockfileVersion": 3,
  "requires": true,
  "packages": {
    "": {
      "devDependencies": {
        "@types/pdf-parse": "^1.1.4"
      }
    },
    "node_modules/@types/pdf-parse": {
      "version": "1.1.4",
      "resolved": "https://registry.npmjs.org/@types/pdf-parse/-/pdf-parse-1.1.4.tgz",
      "integrity": "sha512-+gbBHbNCVGGYw1S9lAIIvrHW47UYOhMIFUsJcMkMrzy1Jf0vulBN3XQIjPgnoOXveMuHnF3b57fXROnY/Or7eg==",
      "dev": true
    }
  }
}
